
Microsoft Visual Studio Solution File, Format Version 12.00
# Visual Studio Version 17
VisualStudioVersion = 17.7.34024.191
MinimumVisualStudioVersion = 10.0.40219.1
Project("{9A19103F-16F7-4668-BE54-9A1E7A4F7556}") = "Models", "Models\Models.csproj", "{5A5AA8A9-6CCF-4CE0-A257-9BA1EA759EF3}"
EndProject
Project("{9A19103F-16F7-4668-BE54-9A1E7A4F7556}") = "WebAPI", "WebAPI\WebAPI.csproj", "{F48FFF72-3280-4985-AA83-6BC5455F300A}"
EndProject
Project("{9A19103F-16F7-4668-BE54-9A1E7A4F7556}") = "Application", "Application\Application.csproj", "{6212D59D-3EBD-43D1-9A07-5A0CB94A95D0}"
EndProject
Project("{9A19103F-16F7-4668-BE54-9A1E7A4F7556}") = "FileData", "FileData\FileData.csproj", "{0174FC1C-31C3-4269-9917-B4CDD0750091}"
EndProject
Project("{9A19103F-16F7-4668-BE54-9A1E7A4F7556}") = "Blazor", "Blazor\Blazor.csproj", "{6FADDD06-ADB6-489D-8631-0398FED62C04}"
EndProject
Project("{9A19103F-16F7-4668-BE54-9A1E7A4F7556}") = "HttpClients", "HttpClients\HttpClients.csproj", "{913266E4-374C-49F8-8D09-0A56049BA4E2}"
EndProject
Project("{FAE04EC0-301F-11D3-BF4B-00C04F79EFBC}") = "Data", "Data\Data.csproj", "{BF5E4299-CF00-47F7-8554-EFCB136B195D}"
EndProject
Global
	GlobalSection(SolutionConfigurationPlatforms) = preSolution
		Debug|Any CPU = Debug|Any CPU
		Release|Any CPU = Release|Any CPU
	EndGlobalSection
	GlobalSection(ProjectConfigurationPlatforms) = postSolution
		{5A5AA8A9-6CCF-4CE0-A257-9BA1EA759EF3}.Debug|Any CPU.ActiveCfg = Debug|Any CPU
		{5A5AA8A9-6CCF-4CE0-A257-9BA1EA759EF3}.Debug|Any CPU.Build.0 = Debug|Any CPU
		{5A5AA8A9-6CCF-4CE0-A257-9BA1EA759EF3}.Release|Any CPU.ActiveCfg = Release|Any CPU
		{5A5AA8A9-6CCF-4CE0-A257-9BA1EA759EF3}.Release|Any CPU.Build.0 = Release|Any CPU
		{F48FFF72-3280-4985-AA83-6BC5455F300A}.Debug|Any CPU.ActiveCfg = Debug|Any CPU
		{F48FFF72-3280-4985-AA83-6BC5455F300A}.Debug|Any CPU.Build.0 = Debug|Any CPU
		{F48FFF72-3280-4985-AA83-6BC5455F300A}.Release|Any CPU.ActiveCfg = Release|Any CPU
		{F48FFF72-3280-4985-AA83-6BC5455F300A}.Release|Any CPU.Build.0 = Release|Any CPU
		{6212D59D-3EBD-43D1-9A07-5A0CB94A95D0}.Debug|Any CPU.ActiveCfg = Debug|Any CPU
		{6212D59D-3EBD-43D1-9A07-5A0CB94A95D0}.Debug|Any CPU.Build.0 = Debug|Any CPU
		{6212D59D-3EBD-43D1-9A07-5A0CB94A95D0}.Release|Any CPU.ActiveCfg = Release|Any CPU
		{6212D59D-3EBD-43D1-9A07-5A0CB94A95D0}.Release|Any CPU.Build.0 = Release|Any CPU
		{0174FC1C-31C3-4269-9917-B4CDD0750091}.Debug|Any CPU.ActiveCfg = Debug|Any CPU
		{0174FC1C-31C3-4269-9917-B4CDD0750091}.Debug|Any CPU.Build.0 = Debug|Any CPU
		{0174FC1C-31C3-4269-9917-B4CDD0750091}.Release|Any CPU.ActiveCfg = Release|Any CPU
		{0174FC1C-31C3-4269-9917-B4CDD0750091}.Release|Any CPU.Build.0 = Release|Any CPU
		{6FADDD06-ADB6-489D-8631-0398FED62C04}.Debug|Any CPU.ActiveCfg = Debug|Any CPU
		{6FADDD06-ADB6-489D-8631-0398FED62C04}.Debug|Any CPU.Build.0 = Debug|Any CPU
		{6FADDD06-ADB6-489D-8631-0398FED62C04}.Release|Any CPU.ActiveCfg = Release|Any CPU
		{6FADDD06-ADB6-489D-8631-0398FED62C04}.Release|Any CPU.Build.0 = Release|Any CPU
		{913266E4-374C-49F8-8D09-0A56049BA4E2}.Debug|Any CPU.ActiveCfg = Debug|Any CPU
		{913266E4-374C-49F8-8D09-0A56049BA4E2}.Debug|Any CPU.Build.0 = Debug|Any CPU
		{913266E4-374C-49F8-8D09-0A56049BA4E2}.Release|Any CPU.ActiveCfg = Release|Any CPU
		{913266E4-374C-49F8-8D09-0A56049BA4E2}.Release|Any CPU.Build.0 = Release|Any CPU
		{BF5E4299-CF00-47F7-8554-EFCB136B195D}.Debug|Any CPU.ActiveCfg = Debug|Any CPU
		{BF5E4299-CF00-47F7-8554-EFCB136B195D}.Debug|Any CPU.Build.0 = Debug|Any CPU
		{BF5E4299-CF00-47F7-8554-EFCB136B195D}.Release|Any CPU.ActiveCfg = Release|Any CPU
		{BF5E4299-CF00-47F7-8554-EFCB136B195D}.Release|Any CPU.Build.0 = Release|Any CPU
	EndGlobalSection
	GlobalSection(SolutionProperties) = preSolution
		HideSolutionNode = FALSE
	EndGlobalSection
	GlobalSection(ExtensibilityGlobals) = postSolution
		SolutionGuid = {27F57B37-1FF0-43BA-9F4B-FF306E64E2A4}
	EndGlobalSection
EndGlobal
